
Microsoft Visual Studio Solution File, Format Version 12.00
# Visual Studio Version 17
VisualStudioVersion = 17.5.33530.505
MinimumVisualStudioVersion = 10.0.40219.1
Project("{FAE04EC0-301F-11D3-BF4B-00C04F79EFBC}") = "JCEFLAEXAMEN.Android", "JCEFLAEXAMEN.Android\JCEFLAEXAMEN.Android.csproj", "{8416169D-705E-4770-9A05-8193F076F92E}"
EndProject
Project("{FAE04EC0-301F-11D3-BF4B-00C04F79EFBC}") = "JCEFLAEXAMEN.iOS", "JCEFLAEXAMEN.iOS\JCEFLAEXAMEN.iOS.csproj", "{D881DE23-2FFD-49DE-AD26-B3786AD882F3}"
EndProject
Project("{FAE04EC0-301F-11D3-BF4B-00C04F79EFBC}") = "JCEFLAEXAMEN", "JCEFLAEXAMEN\JCEFLAEXAMEN.csproj", "{3EC3ADBF-AB6E-482A-B111-1D96BE5476C1}"
EndProject
Global
	GlobalSection(SolutionConfigurationPlatforms) = preSolution
		Debug|Any CPU = Debug|Any CPU
		Debug|iPhone = Debug|iPhone
		Debug|iPhoneSimulator = Debug|iPhoneSimulator
		Release|Any CPU = Release|Any CPU
		Release|iPhone = Release|iPhone
		Release|iPhoneSimulator = Release|iPhoneSimulator
	EndGlobalSection
	GlobalSection(ProjectConfigurationPlatforms) = postSolution
		{8416169D-705E-4770-9A05-8193F076F92E}.Debug|Any CPU.ActiveCfg = Debug|Any CPU
		{8416169D-705E-4770-9A05-8193F076F92E}.Debug|Any CPU.Build.0 = Debug|Any CPU
		{8416169D-705E-4770-9A05-8193F076F92E}.Debug|Any CPU.Deploy.0 = Debug|Any CPU
		{8416169D-705E-4770-9A05-8193F076F92E}.Debug|iPhone.ActiveCfg = Debug|Any CPU
		{8416169D-705E-4770-9A05-8193F076F92E}.Debug|iPhone.Build.0 = Debug|Any CPU
		{8416169D-705E-4770-9A05-8193F076F92E}.Debug|iPhone.Deploy.0 = Debug|Any CPU
		{8416169D-705E-4770-9A05-8193F076F92E}.Debug|iPhoneSimulator.ActiveCfg = Debug|Any CPU
		{8416169D-705E-4770-9A05-8193F076F92E}.Debug|iPhoneSimulator.Build.0 = Debug|Any CPU
		{8416169D-705E-4770-9A05-8193F076F92E}.Debug|iPhoneSimulator.Deploy.0 = Debug|Any CPU
		{8416169D-705E-4770-9A05-8193F076F92E}.Release|Any CPU.ActiveCfg = Release|Any CPU
		{8416169D-705E-4770-9A05-8193F076F92E}.Release|Any CPU.Build.0 = Release|Any CPU
		{8416169D-705E-4770-9A05-8193F076F92E}.Release|Any CPU.Deploy.0 = Release|Any CPU
		{8416169D-705E-4770-9A05-8193F076F92E}.Release|iPhone.ActiveCfg = Release|Any CPU
		{8416169D-705E-4770-9A05-8193F076F92E}.Release|iPhone.Build.0 = Release|Any CPU
		{8416169D-705E-4770-9A05-8193F076F92E}.Release|iPhone.Deploy.0 = Release|Any CPU
		{8416169D-705E-4770-9A05-8193F076F92E}.Release|iPhoneSimulator.ActiveCfg = Release|Any CPU
		{8416169D-705E-4770-9A05-8193F076F92E}.Release|iPhoneSimulator.Build.0 = Release|Any CPU
		{8416169D-705E-4770-9A05-8193F076F92E}.Release|iPhoneSimulator.Deploy.0 = Release|Any CPU
		{D881DE23-2FFD-49DE-AD26-B3786AD882F3}.Debug|Any CPU.ActiveCfg = Debug|iPhone
		{D881DE23-2FFD-49DE-AD26-B3786AD882F3}.Debug|Any CPU.Build.0 = Debug|iPhone
		{D881DE23-2FFD-49DE-AD26-B3786AD882F3}.Debug|Any CPU.Deploy.0 = Debug|iPhone
		{D881DE23-2FFD-49DE-AD26-B3786AD882F3}.Debug|iPhone.ActiveCfg = Debug|iPhone
		{D881DE23-2FFD-49DE-AD26-B3786AD882F3}.Debug|iPhone.Build.0 = Debug|iPhone
		{D881DE23-2FFD-49DE-AD26-B3786AD882F3}.Debug|iPhone.Deploy.0 = Debug|iPhone
		{D881DE23-2FFD-49DE-AD26-B3786AD882F3}.Debug|iPhoneSimulator.ActiveCfg = Debug|iPhoneSimulator
		{D881DE23-2FFD-49DE-AD26-B3786AD882F3}.Debug|iPhoneSimulator.Build.0 = Debug|iPhoneSimulator
		{D881DE23-2FFD-49DE-AD26-B3786AD882F3}.Debug|iPhoneSimulator.Deploy.0 = Debug|iPhoneSimulator
		{D881DE23-2FFD-49DE-AD26-B3786AD882F3}.Release|Any CPU.ActiveCfg = Release|iPhoneSimulator
		{D881DE23-2FFD-49DE-AD26-B3786AD882F3}.Release|Any CPU.Build.0 = Release|iPhoneSimulator
		{D881DE23-2FFD-49DE-AD26-B3786AD882F3}.Release|Any CPU.Deploy.0 = Release|iPhoneSimulator
		{D881DE23-2FFD-49DE-AD26-B3786AD882F3}.Release|iPhone.ActiveCfg = Release|iPhone
		{D881DE23-2FFD-49DE-AD26-B3786AD882F3}.Release|iPhone.Build.0 = Release|iPhone
		{D881DE23-2FFD-49DE-AD26-B3786AD882F3}.Release|iPhone.Deploy.0 = Release|iPhone
		{D881DE23-2FFD-49DE-AD26-B3786AD882F3}.Release|iPhoneSimulator.ActiveCfg = Release|iPhoneSimulator
		{D881DE23-2FFD-49DE-AD26-B3786AD882F3}.Release|iPhoneSimulator.Build.0 = Release|iPhoneSimulator
		{D881DE23-2FFD-49DE-AD26-B3786AD882F3}.Release|iPhoneSimulator.Deploy.0 = Release|iPhoneSimulator
		{3EC3ADBF-AB6E-482A-B111-1D96BE5476C1}.Debug|Any CPU.ActiveCfg = Debug|Any CPU
		{3EC3ADBF-AB6E-482A-B111-1D96BE5476C1}.Debug|Any CPU.Build.0 = Debug|Any CPU
		{3EC3ADBF-AB6E-482A-B111-1D96BE5476C1}.Debug|Any CPU.Deploy.0 = Debug|Any CPU
		{3EC3ADBF-AB6E-482A-B111-1D96BE5476C1}.Debug|iPhone.ActiveCfg = Debug|Any CPU
		{3EC3ADBF-AB6E-482A-B111-1D96BE5476C1}.Debug|iPhone.Build.0 = Debug|Any CPU
		{3EC3ADBF-AB6E-482A-B111-1D96BE5476C1}.Debug|iPhone.Deploy.0 = Debug|Any CPU
		{3EC3ADBF-AB6E-482A-B111-1D96BE5476C1}.Debug|iPhoneSimulator.ActiveCfg = Debug|Any CPU
		{3EC3ADBF-AB6E-482A-B111-1D96BE5476C1}.Debug|iPhoneSimulator.Build.0 = Debug|Any CPU
		{3EC3ADBF-AB6E-482A-B111-1D96BE5476C1}.Debug|iPhoneSimulator.Deploy.0 = Debug|Any CPU
		{3EC3ADBF-AB6E-482A-B111-1D96BE5476C1}.Release|Any CPU.ActiveCfg = Release|Any CPU
		{3EC3ADBF-AB6E-482A-B111-1D96BE5476C1}.Release|Any CPU.Build.0 = Release|Any CPU
		{3EC3ADBF-AB6E-482A-B111-1D96BE5476C1}.Release|Any CPU.Deploy.0 = Release|Any CPU
		{3EC3ADBF-AB6E-482A-B111-1D96BE5476C1}.Release|iPhone.ActiveCfg = Release|Any CPU
		{3EC3ADBF-AB6E-482A-B111-1D96BE5476C1}.Release|iPhone.Build.0 = Release|Any CPU
		{3EC3ADBF-AB6E-482A-B111-1D96BE5476C1}.Release|iPhone.Deploy.0 = Release|Any CPU
		{3EC3ADBF-AB6E-482A-B111-1D96BE5476C1}.Release|iPhoneSimulator.ActiveCfg = Release|Any CPU
		{3EC3ADBF-AB6E-482A-B111-1D96BE5476C1}.Release|iPhoneSimulator.Build.0 = Release|Any CPU
		{3EC3ADBF-AB6E-482A-B111-1D96BE5476C1}.Release|iPhoneSimulator.Deploy.0 = Release|Any CPU
	EndGlobalSection
	GlobalSection(SolutionProperties) = preSolution
		HideSolutionNode = FALSE
	EndGlobalSection
	GlobalSection(ExtensibilityGlobals) = postSolution
		SolutionGuid = {2FBC7088-AC09-445F-9934-06FF7FCBE630}
	EndGlobalSection
EndGlobal
